
Microsoft Visual Studio Solution File, Format Version 12.00
# Visual Studio 2013
VisualStudioVersion = 12.0.21005.1
MinimumVisualStudioVersion = 10.0.40219.1
Project("{FAE04EC0-301F-11D3-BF4B-00C04F79EFBC}") = "SkjaTextar", "SkjaTextar\SkjaTextar.csproj", "{B04E4F2F-876F-4599-B8EB-EDCF36787FEF}"
EndProject
Project("{FAE04EC0-301F-11D3-BF4B-00C04F79EFBC}") = "SkjaTextar.Tests", "SkjaTextar.Tests\SkjaTextar.Tests.csproj", "{97D29CF0-5F41-4FDC-A522-2EBF8A87B500}"
EndProject
Global
	GlobalSection(SolutionConfigurationPlatforms) = preSolution
		Debug|Any CPU = Debug|Any CPU
		Release|Any CPU = Release|Any CPU
	EndGlobalSection
	GlobalSection(ProjectConfigurationPlatforms) = postSolution
		{B04E4F2F-876F-4599-B8EB-EDCF36787FEF}.Debug|Any CPU.ActiveCfg = Debug|Any CPU
		{B04E4F2F-876F-4599-B8EB-EDCF36787FEF}.Debug|Any CPU.Build.0 = Debug|Any CPU
		{B04E4F2F-876F-4599-B8EB-EDCF36787FEF}.Release|Any CPU.ActiveCfg = Release|Any CPU
		{B04E4F2F-876F-4599-B8EB-EDCF36787FEF}.Release|Any CPU.Build.0 = Release|Any CPU
		{97D29CF0-5F41-4FDC-A522-2EBF8A87B500}.Debug|Any CPU.ActiveCfg = Debug|Any CPU
		{97D29CF0-5F41-4FDC-A522-2EBF8A87B500}.Debug|Any CPU.Build.0 = Debug|Any CPU
		{97D29CF0-5F41-4FDC-A522-2EBF8A87B500}.Release|Any CPU.ActiveCfg = Release|Any CPU
		{97D29CF0-5F41-4FDC-A522-2EBF8A87B500}.Release|Any CPU.Build.0 = Release|Any CPU
	EndGlobalSection
	GlobalSection(SolutionProperties) = preSolution
		HideSolutionNode = FALSE
	EndGlobalSection
EndGlobal
